
Microsoft Visual Studio Solution File, Format Version 12.00
# Visual Studio Version 16
VisualStudioVersion = 16.0.29001.49
MinimumVisualStudioVersion = 10.0.40219.1
Project("{FAE04EC0-301F-11D3-BF4B-00C04F79EFBC}") = "DiscourseApi", "DiscourseApi\DiscourseApi.csproj", "{9364EA56-6B76-49A6-90B1-B698469FB196}"
EndProject
Project("{FAE04EC0-301F-11D3-BF4B-00C04F79EFBC}") = "Tests", "Tests\Tests.csproj", "{DD236747-42AE-4D72-AA0E-232F5A2CDA57}"
EndProject
Global
	GlobalSection(SolutionConfigurationPlatforms) = preSolution
		Debug|Any CPU = Debug|Any CPU
		Release|Any CPU = Release|Any CPU
	EndGlobalSection
	GlobalSection(ProjectConfigurationPlatforms) = postSolution
		{9364EA56-6B76-49A6-90B1-B698469FB196}.Debug|Any CPU.ActiveCfg = Debug|Any CPU
		{9364EA56-6B76-49A6-90B1-B698469FB196}.Debug|Any CPU.Build.0 = Debug|Any CPU
		{9364EA56-6B76-49A6-90B1-B698469FB196}.Release|Any CPU.ActiveCfg = Release|Any CPU
		{9364EA56-6B76-49A6-90B1-B698469FB196}.Release|Any CPU.Build.0 = Release|Any CPU
		{DD236747-42AE-4D72-AA0E-232F5A2CDA57}.Debug|Any CPU.ActiveCfg = Debug|Any CPU
		{DD236747-42AE-4D72-AA0E-232F5A2CDA57}.Debug|Any CPU.Build.0 = Debug|Any CPU
		{DD236747-42AE-4D72-AA0E-232F5A2CDA57}.Release|Any CPU.ActiveCfg = Release|Any CPU
		{DD236747-42AE-4D72-AA0E-232F5A2CDA57}.Release|Any CPU.Build.0 = Release|Any CPU
	EndGlobalSection
	GlobalSection(SolutionProperties) = preSolution
		HideSolutionNode = FALSE
	EndGlobalSection
	GlobalSection(ExtensibilityGlobals) = postSolution
		SolutionGuid = {E952AE98-FAAA-421A-9591-92DCFBF14C10}
	EndGlobalSection
EndGlobal
